
Microsoft Visual Studio Solution File, Format Version 12.00
# Visual Studio 15
VisualStudioVersion = 15.0.27130.2024
MinimumVisualStudioVersion = 10.0.40219.1
Project("{FAE04EC0-301F-11D3-BF4B-00C04F79EFBC}") = "Simplex.Android", "Simplex.Android\Simplex.Android.csproj", "{65085DD4-2255-46E2-87AB-3D200C626AC4}"
EndProject
Project("{9A19103F-16F7-4668-BE54-9A1E7A4F7556}") = "Simplex.Core", "Simplex.Core\Simplex.Core.csproj", "{789157CB-75B1-452E-A614-5FABEC48DBFA}"
EndProject
Project("{FAE04EC0-301F-11D3-BF4B-00C04F79EFBC}") = "Simplex.iOS", "Simplex.iOS\Simplex.iOS.csproj", "{E71F3053-056C-4381-9638-048ED73BDFF6}"
EndProject
Project("{9A19103F-16F7-4668-BE54-9A1E7A4F7556}") = "Simplex.XamarinForms", "Simplex.XamarinForms\Simplex.XamarinForms.csproj", "{8B1A47F6-51C5-4B0F-BF4B-82B56983CAFB}"
EndProject
Project("{FAE04EC0-301F-11D3-BF4B-00C04F79EFBC}") = "Simplex.UWP", "Simplex.UWP\Simplex.UWP.csproj", "{BA5934AE-CC11-4663-807B-8687E7530DAB}"
EndProject
Project("{9A19103F-16F7-4668-BE54-9A1E7A4F7556}") = "Simplex.Demo", "Simplex.Demo\Simplex.Demo.csproj", "{60375159-118D-4094-A647-0EFFD7958491}"
EndProject
Project("{2150E333-8FDC-42A3-9474-1A3956D46DE8}") = "Simplex.Sample", "Simplex.Sample", "{92342252-9F5F-4CF5-8A83-8BBB1F01E400}"
EndProject
Global
	GlobalSection(SolutionConfigurationPlatforms) = preSolution
		Ad-Hoc|Any CPU = Ad-Hoc|Any CPU
		Ad-Hoc|ARM = Ad-Hoc|ARM
		Ad-Hoc|ARM64 = Ad-Hoc|ARM64
		Ad-Hoc|iPhone = Ad-Hoc|iPhone
		Ad-Hoc|iPhoneSimulator = Ad-Hoc|iPhoneSimulator
		Ad-Hoc|x64 = Ad-Hoc|x64
		Ad-Hoc|x86 = Ad-Hoc|x86
		AppStore|Any CPU = AppStore|Any CPU
		AppStore|ARM = AppStore|ARM
		AppStore|ARM64 = AppStore|ARM64
		AppStore|iPhone = AppStore|iPhone
		AppStore|iPhoneSimulator = AppStore|iPhoneSimulator
		AppStore|x64 = AppStore|x64
		AppStore|x86 = AppStore|x86
		Debug|Any CPU = Debug|Any CPU
		Debug|ARM = Debug|ARM
		Debug|ARM64 = Debug|ARM64
		Debug|iPhone = Debug|iPhone
		Debug|iPhoneSimulator = Debug|iPhoneSimulator
		Debug|x64 = Debug|x64
		Debug|x86 = Debug|x86
		Release|Any CPU = Release|Any CPU
		Release|ARM = Release|ARM
		Release|ARM64 = Release|ARM64
		Release|iPhone = Release|iPhone
		Release|iPhoneSimulator = Release|iPhoneSimulator
		Release|x64 = Release|x64
		Release|x86 = Release|x86
	EndGlobalSection
	GlobalSection(ProjectConfigurationPlatforms) = postSolution
		{65085DD4-2255-46E2-87AB-3D200C626AC4}.Ad-Hoc|Any CPU.ActiveCfg = Release|Any CPU
		{65085DD4-2255-46E2-87AB-3D200C626AC4}.Ad-Hoc|Any CPU.Build.0 = Release|Any CPU
		{65085DD4-2255-46E2-87AB-3D200C626AC4}.Ad-Hoc|ARM.ActiveCfg = Debug|Any CPU
		{65085DD4-2255-46E2-87AB-3D200C626AC4}.Ad-Hoc|ARM.Build.0 = Debug|Any CPU
		{65085DD4-2255-46E2-87AB-3D200C626AC4}.Ad-Hoc|ARM64.ActiveCfg = Debug|Any CPU
		{65085DD4-2255-46E2-87AB-3D200C626AC4}.Ad-Hoc|ARM64.Build.0 = Debug|Any CPU
		{65085DD4-2255-46E2-87AB-3D200C626AC4}.Ad-Hoc|iPhone.ActiveCfg = Release|Any CPU
		{65085DD4-2255-46E2-87AB-3D200C626AC4}.Ad-Hoc|iPhone.Build.0 = Release|Any CPU
		{65085DD4-2255-46E2-87AB-3D200C626AC4}.Ad-Hoc|iPhoneSimulator.ActiveCfg = Release|Any CPU
		{65085DD4-2255-46E2-87AB-3D200C626AC4}.Ad-Hoc|iPhoneSimulator.Build.0 = Release|Any CPU
		{65085DD4-2255-46E2-87AB-3D200C626AC4}.Ad-Hoc|x64.ActiveCfg = Debug|Any CPU
		{65085DD4-2255-46E2-87AB-3D200C626AC4}.Ad-Hoc|x64.Build.0 = Debug|Any CPU
		{65085DD4-2255-46E2-87AB-3D200C626AC4}.Ad-Hoc|x86.ActiveCfg = Debug|Any CPU
		{65085DD4-2255-46E2-87AB-3D200C626AC4}.Ad-Hoc|x86.Build.0 = Debug|Any CPU
		{65085DD4-2255-46E2-87AB-3D200C626AC4}.AppStore|Any CPU.ActiveCfg = Release|Any CPU
		{65085DD4-2255-46E2-87AB-3D200C626AC4}.AppStore|Any CPU.Build.0 = Release|Any CPU
		{65085DD4-2255-46E2-87AB-3D200C626AC4}.AppStore|ARM.ActiveCfg = Debug|Any CPU
		{65085DD4-2255-46E2-87AB-3D200C626AC4}.AppStore|ARM.Build.0 = Debug|Any CPU
		{65085DD4-2255-46E2-87AB-3D200C626AC4}.AppStore|ARM64.ActiveCfg = Debug|Any CPU
		{65085DD4-2255-46E2-87AB-3D200C626AC4}.AppStore|ARM64.Build.0 = Debug|Any CPU
		{65085DD4-2255-46E2-87AB-3D200C626AC4}.AppStore|iPhone.ActiveCfg = Release|Any CPU
		{65085DD4-2255-46E2-87AB-3D200C626AC4}.AppStore|iPhone.Build.0 = Release|Any CPU
		{65085DD4-2255-46E2-87AB-3D200C626AC4}.AppStore|iPhoneSimulator.ActiveCfg = Release|Any CPU
		{65085DD4-2255-46E2-87AB-3D200C626AC4}.AppStore|iPhoneSimulator.Build.0 = Release|Any CPU
		{65085DD4-2255-46E2-87AB-3D200C626AC4}.AppStore|x64.ActiveCfg = Debug|Any CPU
		{65085DD4-2255-46E2-87AB-3D200C626AC4}.AppStore|x64.Build.0 = Debug|Any CPU
		{65085DD4-2255-46E2-87AB-3D200C626AC4}.AppStore|x86.ActiveCfg = Debug|Any CPU
		{65085DD4-2255-46E2-87AB-3D200C626AC4}.AppStore|x86.Build.0 = Debug|Any CPU
		{65085DD4-2255-46E2-87AB-3D200C626AC4}.Debug|Any CPU.ActiveCfg = Debug|Any CPU
		{65085DD4-2255-46E2-87AB-3D200C626AC4}.Debug|Any CPU.Build.0 = Debug|Any CPU
		{65085DD4-2255-46E2-87AB-3D200C626AC4}.Debug|ARM.ActiveCfg = Debug|Any CPU
		{65085DD4-2255-46E2-87AB-3D200C626AC4}.Debug|ARM.Build.0 = Debug|Any CPU
		{65085DD4-2255-46E2-87AB-3D200C626AC4}.Debug|ARM64.ActiveCfg = Debug|Any CPU
		{65085DD4-2255-46E2-87AB-3D200C626AC4}.Debug|ARM64.Build.0 = Debug|Any CPU
		{65085DD4-2255-46E2-87AB-3D200C626AC4}.Debug|iPhone.ActiveCfg = Debug|Any CPU
		{65085DD4-2255-46E2-87AB-3D200C626AC4}.Debug|iPhone.Build.0 = Debug|Any CPU
		{65085DD4-2255-46E2-87AB-3D200C626AC4}.Debug|iPhoneSimulator.ActiveCfg = Debug|Any CPU
		{65085DD4-2255-46E2-87AB-3D200C626AC4}.Debug|iPhoneSimulator.Build.0 = Debug|Any CPU
		{65085DD4-2255-46E2-87AB-3D200C626AC4}.Debug|x64.ActiveCfg = Debug|Any CPU
		{65085DD4-2255-46E2-87AB-3D200C626AC4}.Debug|x64.Build.0 = Debug|Any CPU
		{65085DD4-2255-46E2-87AB-3D200C626AC4}.Debug|x86.ActiveCfg = Debug|Any CPU
		{65085DD4-2255-46E2-87AB-3D200C626AC4}.Debug|x86.Build.0 = Debug|Any CPU
		{65085DD4-2255-46E2-87AB-3D200C626AC4}.Release|Any CPU.ActiveCfg = Release|Any CPU
		{65085DD4-2255-46E2-87AB-3D200C626AC4}.Release|Any CPU.Build.0 = Release|Any CPU
		{65085DD4-2255-46E2-87AB-3D200C626AC4}.Release|ARM.ActiveCfg = Release|Any CPU
		{65085DD4-2255-46E2-87AB-3D200C626AC4}.Release|ARM.Build.0 = Release|Any CPU
		{65085DD4-2255-46E2-87AB-3D200C626AC4}.Release|ARM64.ActiveCfg = Release|Any CPU
		{65085DD4-2255-46E2-87AB-3D200C626AC4}.Release|ARM64.Build.0 = Release|Any CPU
		{65085DD4-2255-46E2-87AB-3D200C626AC4}.Release|iPhone.ActiveCfg = Release|Any CPU
		{65085DD4-2255-46E2-87AB-3D200C626AC4}.Release|iPhone.Build.0 = Release|Any CPU
		{65085DD4-2255-46E2-87AB-3D200C626AC4}.Release|iPhoneSimulator.ActiveCfg = Release|Any CPU
		{65085DD4-2255-46E2-87AB-3D200C626AC4}.Release|iPhoneSimulator.Build.0 = Release|Any CPU
		{65085DD4-2255-46E2-87AB-3D200C626AC4}.Release|x64.ActiveCfg = Release|Any CPU
		{65085DD4-2255-46E2-87AB-3D200C626AC4}.Release|x64.Build.0 = Release|Any CPU
		{65085DD4-2255-46E2-87AB-3D200C626AC4}.Release|x86.ActiveCfg = Release|Any CPU
		{65085DD4-2255-46E2-87AB-3D200C626AC4}.Release|x86.Build.0 = Release|Any CPU
		{789157CB-75B1-452E-A614-5FABEC48DBFA}.Ad-Hoc|Any CPU.ActiveCfg = Debug|Any CPU
		{789157CB-75B1-452E-A614-5FABEC48DBFA}.Ad-Hoc|Any CPU.Build.0 = Debug|Any CPU
		{789157CB-75B1-452E-A614-5FABEC48DBFA}.Ad-Hoc|ARM.ActiveCfg = Release|Any CPU
		{789157CB-75B1-452E-A614-5FABEC48DBFA}.Ad-Hoc|ARM.Build.0 = Release|Any CPU
		{789157CB-75B1-452E-A614-5FABEC48DBFA}.Ad-Hoc|ARM64.ActiveCfg = Release|Any CPU
		{789157CB-75B1-452E-A614-5FABEC48DBFA}.Ad-Hoc|ARM64.Build.0 = Release|Any CPU
		{789157CB-75B1-452E-A614-5FABEC48DBFA}.Ad-Hoc|iPhone.ActiveCfg = Debug|Any CPU
		{789157CB-75B1-452E-A614-5FABEC48DBFA}.Ad-Hoc|iPhone.Build.0 = Debug|Any CPU
		{789157CB-75B1-452E-A614-5FABEC48DBFA}.Ad-Hoc|iPhoneSimulator.ActiveCfg = Debug|Any CPU
		{789157CB-75B1-452E-A614-5FABEC48DBFA}.Ad-Hoc|iPhoneSimulator.Build.0 = Debug|Any CPU
		{789157CB-75B1-452E-A614-5FABEC48DBFA}.Ad-Hoc|x64.ActiveCfg = Release|Any CPU
		{789157CB-75B1-452E-A614-5FABEC48DBFA}.Ad-Hoc|x64.Build.0 = Release|Any CPU
		{789157CB-75B1-452E-A614-5FABEC48DBFA}.Ad-Hoc|x86.ActiveCfg = Release|Any CPU
		{789157CB-75B1-452E-A614-5FABEC48DBFA}.Ad-Hoc|x86.Build.0 = Release|Any CPU
		{789157CB-75B1-452E-A614-5FABEC48DBFA}.AppStore|Any CPU.ActiveCfg = Debug|Any CPU
		{789157CB-75B1-452E-A614-5FABEC48DBFA}.AppStore|Any CPU.Build.0 = Debug|Any CPU
		{789157CB-75B1-452E-A614-5FABEC48DBFA}.AppStore|ARM.ActiveCfg = Release|Any CPU
		{789157CB-75B1-452E-A614-5FABEC48DBFA}.AppStore|ARM.Build.0 = Release|Any CPU
		{789157CB-75B1-452E-A614-5FABEC48DBFA}.AppStore|ARM64.ActiveCfg = Release|Any CPU
		{789157CB-75B1-452E-A614-5FABEC48DBFA}.AppStore|ARM64.Build.0 = Release|Any CPU
		{789157CB-75B1-452E-A614-5FABEC48DBFA}.AppStore|iPhone.ActiveCfg = Debug|Any CPU
		{789157CB-75B1-452E-A614-5FABEC48DBFA}.AppStore|iPhone.Build.0 = Debug|Any CPU
		{789157CB-75B1-452E-A614-5FABEC48DBFA}.AppStore|iPhoneSimulator.ActiveCfg = Debug|Any CPU
		{789157CB-75B1-452E-A614-5FABEC48DBFA}.AppStore|iPhoneSimulator.Build.0 = Debug|Any CPU
		{789157CB-75B1-452E-A614-5FABEC48DBFA}.AppStore|x64.ActiveCfg = Release|Any CPU
		{789157CB-75B1-452E-A614-5FABEC48DBFA}.AppStore|x64.Build.0 = Release|Any CPU
		{789157CB-75B1-452E-A614-5FABEC48DBFA}.AppStore|x86.ActiveCfg = Release|Any CPU
		{789157CB-75B1-452E-A614-5FABEC48DBFA}.AppStore|x86.Build.0 = Release|Any CPU
		{789157CB-75B1-452E-A614-5FABEC48DBFA}.Debug|Any CPU.ActiveCfg = Debug|Any CPU
		{789157CB-75B1-452E-A614-5FABEC48DBFA}.Debug|Any CPU.Build.0 = Debug|Any CPU
		{789157CB-75B1-452E-A614-5FABEC48DBFA}.Debug|ARM.ActiveCfg = Debug|Any CPU
		{789157CB-75B1-452E-A614-5FABEC48DBFA}.Debug|ARM.Build.0 = Debug|Any CPU
		{789157CB-75B1-452E-A614-5FABEC48DBFA}.Debug|ARM64.ActiveCfg = Debug|Any CPU
		{789157CB-75B1-452E-A614-5FABEC48DBFA}.Debug|ARM64.Build.0 = Debug|Any CPU
		{789157CB-75B1-452E-A614-5FABEC48DBFA}.Debug|iPhone.ActiveCfg = Debug|Any CPU
		{789157CB-75B1-452E-A614-5FABEC48DBFA}.Debug|iPhone.Build.0 = Debug|Any CPU
		{789157CB-75B1-452E-A614-5FABEC48DBFA}.Debug|iPhoneSimulator.ActiveCfg = Debug|Any CPU
		{789157CB-75B1-452E-A614-5FABEC48DBFA}.Debug|iPhoneSimulator.Build.0 = Debug|Any CPU
		{789157CB-75B1-452E-A614-5FABEC48DBFA}.Debug|x64.ActiveCfg = Debug|Any CPU
		{789157CB-75B1-452E-A614-5FABEC48DBFA}.Debug|x64.Build.0 = Debug|Any CPU
		{789157CB-75B1-452E-A614-5FABEC48DBFA}.Debug|x86.ActiveCfg = Debug|Any CPU
		{789157CB-75B1-452E-A614-5FABEC48DBFA}.Debug|x86.Build.0 = Debug|Any CPU
		{789157CB-75B1-452E-A614-5FABEC48DBFA}.Release|Any CPU.ActiveCfg = Release|Any CPU
		{789157CB-75B1-452E-A614-5FABEC48DBFA}.Release|Any CPU.Build.0 = Release|Any CPU
		{789157CB-75B1-452E-A614-5FABEC48DBFA}.Release|ARM.ActiveCfg = Release|Any CPU
		{789157CB-75B1-452E-A614-5FABEC48DBFA}.Release|ARM.Build.0 = Release|Any CPU
		{789157CB-75B1-452E-A614-5FABEC48DBFA}.Release|ARM64.ActiveCfg = Release|Any CPU
		{789157CB-75B1-452E-A614-5FABEC48DBFA}.Release|ARM64.Build.0 = Release|Any CPU
		{789157CB-75B1-452E-A614-5FABEC48DBFA}.Release|iPhone.ActiveCfg = Release|Any CPU
		{789157CB-75B1-452E-A614-5FABEC48DBFA}.Release|iPhone.Build.0 = Release|Any CPU
		{789157CB-75B1-452E-A614-5FABEC48DBFA}.Release|iPhoneSimulator.ActiveCfg = Release|Any CPU
		{789157CB-75B1-452E-A614-5FABEC48DBFA}.Release|iPhoneSimulator.Build.0 = Release|Any CPU
		{789157CB-75B1-452E-A614-5FABEC48DBFA}.Release|x64.ActiveCfg = Release|Any CPU
		{789157CB-75B1-452E-A614-5FABEC48DBFA}.Release|x64.Build.0 = Release|Any CPU
		{789157CB-75B1-452E-A614-5FABEC48DBFA}.Release|x86.ActiveCfg = Release|Any CPU
		{789157CB-75B1-452E-A614-5FABEC48DBFA}.Release|x86.Build.0 = Release|Any CPU
		{E71F3053-056C-4381-9638-048ED73BDFF6}.Ad-Hoc|Any CPU.ActiveCfg = Release|Any CPU
		{E71F3053-056C-4381-9638-048ED73BDFF6}.Ad-Hoc|Any CPU.Build.0 = Release|Any CPU
		{E71F3053-056C-4381-9638-048ED73BDFF6}.Ad-Hoc|ARM.ActiveCfg = Debug|Any CPU
		{E71F3053-056C-4381-9638-048ED73BDFF6}.Ad-Hoc|ARM.Build.0 = Debug|Any CPU
		{E71F3053-056C-4381-9638-048ED73BDFF6}.Ad-Hoc|ARM64.ActiveCfg = Debug|Any CPU
		{E71F3053-056C-4381-9638-048ED73BDFF6}.Ad-Hoc|ARM64.Build.0 = Debug|Any CPU
		{E71F3053-056C-4381-9638-048ED73BDFF6}.Ad-Hoc|iPhone.ActiveCfg = Release|Any CPU
		{E71F3053-056C-4381-9638-048ED73BDFF6}.Ad-Hoc|iPhone.Build.0 = Release|Any CPU
		{E71F3053-056C-4381-9638-048ED73BDFF6}.Ad-Hoc|iPhoneSimulator.ActiveCfg = Release|Any CPU
		{E71F3053-056C-4381-9638-048ED73BDFF6}.Ad-Hoc|iPhoneSimulator.Build.0 = Release|Any CPU
		{E71F3053-056C-4381-9638-048ED73BDFF6}.Ad-Hoc|x64.ActiveCfg = Debug|Any CPU
		{E71F3053-056C-4381-9638-048ED73BDFF6}.Ad-Hoc|x64.Build.0 = Debug|Any CPU
		{E71F3053-056C-4381-9638-048ED73BDFF6}.Ad-Hoc|x86.ActiveCfg = Debug|Any CPU
		{E71F3053-056C-4381-9638-048ED73BDFF6}.Ad-Hoc|x86.Build.0 = Debug|Any CPU
		{E71F3053-056C-4381-9638-048ED73BDFF6}.AppStore|Any CPU.ActiveCfg = Release|Any CPU
		{E71F3053-056C-4381-9638-048ED73BDFF6}.AppStore|Any CPU.Build.0 = Release|Any CPU
		{E71F3053-056C-4381-9638-048ED73BDFF6}.AppStore|ARM.ActiveCfg = Debug|Any CPU
		{E71F3053-056C-4381-9638-048ED73BDFF6}.AppStore|ARM.Build.0 = Debug|Any CPU
		{E71F3053-056C-4381-9638-048ED73BDFF6}.AppStore|ARM64.ActiveCfg = Debug|Any CPU
		{E71F3053-056C-4381-9638-048ED73BDFF6}.AppStore|ARM64.Build.0 = Debug|Any CPU
		{E71F3053-056C-4381-9638-048ED73BDFF6}.AppStore|iPhone.ActiveCfg = Release|Any CPU
		{E71F3053-056C-4381-9638-048ED73BDFF6}.AppStore|iPhone.Build.0 = Release|Any CPU
		{E71F3053-056C-4381-9638-048ED73BDFF6}.AppStore|iPhoneSimulator.ActiveCfg = Release|Any CPU
		{E71F3053-056C-4381-9638-048ED73BDFF6}.AppStore|iPhoneSimulator.Build.0 = Release|Any CPU
		{E71F3053-056C-4381-9638-048ED73BDFF6}.AppStore|x64.ActiveCfg = Debug|Any CPU
		{E71F3053-056C-4381-9638-048ED73BDFF6}.AppStore|x64.Build.0 = Debug|Any CPU
		{E71F3053-056C-4381-9638-048ED73BDFF6}.AppStore|x86.ActiveCfg = Debug|Any CPU
		{E71F3053-056C-4381-9638-048ED73BDFF6}.AppStore|x86.Build.0 = Debug|Any CPU
		{E71F3053-056C-4381-9638-048ED73BDFF6}.Debug|Any CPU.ActiveCfg = Debug|Any CPU
		{E71F3053-056C-4381-9638-048ED73BDFF6}.Debug|Any CPU.Build.0 = Debug|Any CPU
		{E71F3053-056C-4381-9638-048ED73BDFF6}.Debug|ARM.ActiveCfg = Debug|Any CPU
		{E71F3053-056C-4381-9638-048ED73BDFF6}.Debug|ARM.Build.0 = Debug|Any CPU
		{E71F3053-056C-4381-9638-048ED73BDFF6}.Debug|ARM64.ActiveCfg = Debug|Any CPU
		{E71F3053-056C-4381-9638-048ED73BDFF6}.Debug|ARM64.Build.0 = Debug|Any CPU
		{E71F3053-056C-4381-9638-048ED73BDFF6}.Debug|iPhone.ActiveCfg = Debug|Any CPU
		{E71F3053-056C-4381-9638-048ED73BDFF6}.Debug|iPhone.Build.0 = Debug|Any CPU
		{E71F3053-056C-4381-9638-048ED73BDFF6}.Debug|iPhoneSimulator.ActiveCfg = Debug|Any CPU
		{E71F3053-056C-4381-9638-048ED73BDFF6}.Debug|iPhoneSimulator.Build.0 = Debug|Any CPU
		{E71F3053-056C-4381-9638-048ED73BDFF6}.Debug|x64.ActiveCfg = Debug|Any CPU
		{E71F3053-056C-4381-9638-048ED73BDFF6}.Debug|x64.Build.0 = Debug|Any CPU
		{E71F3053-056C-4381-9638-048ED73BDFF6}.Debug|x86.ActiveCfg = Debug|Any CPU
		{E71F3053-056C-4381-9638-048ED73BDFF6}.Debug|x86.Build.0 = Debug|Any CPU
		{E71F3053-056C-4381-9638-048ED73BDFF6}.Release|Any CPU.ActiveCfg = Release|Any CPU
		{E71F3053-056C-4381-9638-048ED73BDFF6}.Release|Any CPU.Build.0 = Release|Any CPU
		{E71F3053-056C-4381-9638-048ED73BDFF6}.Release|ARM.ActiveCfg = Release|Any CPU
		{E71F3053-056C-4381-9638-048ED73BDFF6}.Release|ARM.Build.0 = Release|Any CPU
		{E71F3053-056C-4381-9638-048ED73BDFF6}.Release|ARM64.ActiveCfg = Release|Any CPU
		{E71F3053-056C-4381-9638-048ED73BDFF6}.Release|ARM64.Build.0 = Release|Any CPU
		{E71F3053-056C-4381-9638-048ED73BDFF6}.Release|iPhone.ActiveCfg = Release|Any CPU
		{E71F3053-056C-4381-9638-048ED73BDFF6}.Release|iPhone.Build.0 = Release|Any CPU
		{E71F3053-056C-4381-9638-048ED73BDFF6}.Release|iPhoneSimulator.ActiveCfg = Release|Any CPU
		{E71F3053-056C-4381-9638-048ED73BDFF6}.Release|iPhoneSimulator.Build.0 = Release|Any CPU
		{E71F3053-056C-4381-9638-048ED73BDFF6}.Release|x64.ActiveCfg = Release|Any CPU
		{E71F3053-056C-4381-9638-048ED73BDFF6}.Release|x64.Build.0 = Release|Any CPU
		{E71F3053-056C-4381-9638-048ED73BDFF6}.Release|x86.ActiveCfg = Release|Any CPU
		{E71F3053-056C-4381-9638-048ED73BDFF6}.Release|x86.Build.0 = Release|Any CPU
		{8B1A47F6-51C5-4B0F-BF4B-82B56983CAFB}.Ad-Hoc|Any CPU.ActiveCfg = Debug|Any CPU
		{8B1A47F6-51C5-4B0F-BF4B-82B56983CAFB}.Ad-Hoc|Any CPU.Build.0 = Debug|Any CPU
		{8B1A47F6-51C5-4B0F-BF4B-82B56983CAFB}.Ad-Hoc|ARM.ActiveCfg = Release|Any CPU
		{8B1A47F6-51C5-4B0F-BF4B-82B56983CAFB}.Ad-Hoc|ARM.Build.0 = Release|Any CPU
		{8B1A47F6-51C5-4B0F-BF4B-82B56983CAFB}.Ad-Hoc|ARM64.ActiveCfg = Release|Any CPU
		{8B1A47F6-51C5-4B0F-BF4B-82B56983CAFB}.Ad-Hoc|ARM64.Build.0 = Release|Any CPU
		{8B1A47F6-51C5-4B0F-BF4B-82B56983CAFB}.Ad-Hoc|iPhone.ActiveCfg = Debug|Any CPU
		{8B1A47F6-51C5-4B0F-BF4B-82B56983CAFB}.Ad-Hoc|iPhone.Build.0 = Debug|Any CPU
		{8B1A47F6-51C5-4B0F-BF4B-82B56983CAFB}.Ad-Hoc|iPhoneSimulator.ActiveCfg = Debug|Any CPU
		{8B1A47F6-51C5-4B0F-BF4B-82B56983CAFB}.Ad-Hoc|iPhoneSimulator.Build.0 = Debug|Any CPU
		{8B1A47F6-51C5-4B0F-BF4B-82B56983CAFB}.Ad-Hoc|x64.ActiveCfg = Release|Any CPU
		{8B1A47F6-51C5-4B0F-BF4B-82B56983CAFB}.Ad-Hoc|x64.Build.0 = Release|Any CPU
		{8B1A47F6-51C5-4B0F-BF4B-82B56983CAFB}.Ad-Hoc|x86.ActiveCfg = Release|Any CPU
		{8B1A47F6-51C5-4B0F-BF4B-82B56983CAFB}.Ad-Hoc|x86.Build.0 = Release|Any CPU
		{8B1A47F6-51C5-4B0F-BF4B-82B56983CAFB}.AppStore|Any CPU.ActiveCfg = Debug|Any CPU
		{8B1A47F6-51C5-4B0F-BF4B-82B56983CAFB}.AppStore|Any CPU.Build.0 = Debug|Any CPU
		{8B1A47F6-51C5-4B0F-BF4B-82B56983CAFB}.AppStore|ARM.ActiveCfg = Release|Any CPU
		{8B1A47F6-51C5-4B0F-BF4B-82B56983CAFB}.AppStore|ARM.Build.0 = Release|Any CPU
		{8B1A47F6-51C5-4B0F-BF4B-82B56983CAFB}.AppStore|ARM64.ActiveCfg = Release|Any CPU
		{8B1A47F6-51C5-4B0F-BF4B-82B56983CAFB}.AppStore|ARM64.Build.0 = Release|Any CPU
		{8B1A47F6-51C5-4B0F-BF4B-82B56983CAFB}.AppStore|iPhone.ActiveCfg = Debug|Any CPU
		{8B1A47F6-51C5-4B0F-BF4B-82B56983CAFB}.AppStore|iPhone.Build.0 = Debug|Any CPU
		{8B1A47F6-51C5-4B0F-BF4B-82B56983CAFB}.AppStore|iPhoneSimulator.ActiveCfg = Debug|Any CPU
		{8B1A47F6-51C5-4B0F-BF4B-82B56983CAFB}.AppStore|iPhoneSimulator.Build.0 = Debug|Any CPU
		{8B1A47F6-51C5-4B0F-BF4B-82B56983CAFB}.AppStore|x64.ActiveCfg = Release|Any CPU
		{8B1A47F6-51C5-4B0F-BF4B-82B56983CAFB}.AppStore|x64.Build.0 = Release|Any CPU
		{8B1A47F6-51C5-4B0F-BF4B-82B56983CAFB}.AppStore|x86.ActiveCfg = Release|Any CPU
		{8B1A47F6-51C5-4B0F-BF4B-82B56983CAFB}.AppStore|x86.Build.0 = Release|Any CPU
		{8B1A47F6-51C5-4B0F-BF4B-82B56983CAFB}.Debug|Any CPU.ActiveCfg = Debug|Any CPU
		{8B1A47F6-51C5-4B0F-BF4B-82B56983CAFB}.Debug|Any CPU.Build.0 = Debug|Any CPU
		{8B1A47F6-51C5-4B0F-BF4B-82B56983CAFB}.Debug|ARM.ActiveCfg = Debug|Any CPU
		{8B1A47F6-51C5-4B0F-BF4B-82B56983CAFB}.Debug|ARM.Build.0 = Debug|Any CPU
		{8B1A47F6-51C5-4B0F-BF4B-82B56983CAFB}.Debug|ARM64.ActiveCfg = Debug|Any CPU
		{8B1A47F6-51C5-4B0F-BF4B-82B56983CAFB}.Debug|ARM64.Build.0 = Debug|Any CPU
		{8B1A47F6-51C5-4B0F-BF4B-82B56983CAFB}.Debug|iPhone.ActiveCfg = Debug|Any CPU
		{8B1A47F6-51C5-4B0F-BF4B-82B56983CAFB}.Debug|iPhone.Build.0 = Debug|Any CPU
		{8B1A47F6-51C5-4B0F-BF4B-82B56983CAFB}.Debug|iPhoneSimulator.ActiveCfg = Debug|Any CPU
		{8B1A47F6-51C5-4B0F-BF4B-82B56983CAFB}.Debug|iPhoneSimulator.Build.0 = Debug|Any CPU
		{8B1A47F6-51C5-4B0F-BF4B-82B56983CAFB}.Debug|x64.ActiveCfg = Debug|Any CPU
		{8B1A47F6-51C5-4B0F-BF4B-82B56983CAFB}.Debug|x64.Build.0 = Debug|Any CPU
		{8B1A47F6-51C5-4B0F-BF4B-82B56983CAFB}.Debug|x86.ActiveCfg = Debug|Any CPU
		{8B1A47F6-51C5-4B0F-BF4B-82B56983CAFB}.Debug|x86.Build.0 = Debug|Any CPU
		{8B1A47F6-51C5-4B0F-BF4B-82B56983CAFB}.Release|Any CPU.ActiveCfg = Release|Any CPU
		{8B1A47F6-51C5-4B0F-BF4B-82B56983CAFB}.Release|Any CPU.Build.0 = Release|Any CPU
		{8B1A47F6-51C5-4B0F-BF4B-82B56983CAFB}.Release|ARM.ActiveCfg = Release|Any CPU
		{8B1A47F6-51C5-4B0F-BF4B-82B56983CAFB}.Release|ARM.Build.0 = Release|Any CPU
		{8B1A47F6-51C5-4B0F-BF4B-82B56983CAFB}.Release|ARM64.ActiveCfg = Release|Any CPU
		{8B1A47F6-51C5-4B0F-BF4B-82B56983CAFB}.Release|ARM64.Build.0 = Release|Any CPU
		{8B1A47F6-51C5-4B0F-BF4B-82B56983CAFB}.Release|iPhone.ActiveCfg = Release|Any CPU
		{8B1A47F6-51C5-4B0F-BF4B-82B56983CAFB}.Release|iPhone.Build.0 = Release|Any CPU
		{8B1A47F6-51C5-4B0F-BF4B-82B56983CAFB}.Release|iPhoneSimulator.ActiveCfg = Release|Any CPU
		{8B1A47F6-51C5-4B0F-BF4B-82B56983CAFB}.Release|iPhoneSimulator.Build.0 = Release|Any CPU
		{8B1A47F6-51C5-4B0F-BF4B-82B56983CAFB}.Release|x64.ActiveCfg = Release|Any CPU
		{8B1A47F6-51C5-4B0F-BF4B-82B56983CAFB}.Release|x64.Build.0 = Release|Any CPU
		{8B1A47F6-51C5-4B0F-BF4B-82B56983CAFB}.Release|x86.ActiveCfg = Release|Any CPU
		{8B1A47F6-51C5-4B0F-BF4B-82B56983CAFB}.Release|x86.Build.0 = Release|Any CPU
		{BA5934AE-CC11-4663-807B-8687E7530DAB}.Ad-Hoc|Any CPU.ActiveCfg = Release|Any CPU
		{BA5934AE-CC11-4663-807B-8687E7530DAB}.Ad-Hoc|Any CPU.Build.0 = Release|Any CPU
		{BA5934AE-CC11-4663-807B-8687E7530DAB}.Ad-Hoc|ARM.ActiveCfg = Release|ARM
		{BA5934AE-CC11-4663-807B-8687E7530DAB}.Ad-Hoc|ARM.Build.0 = Release|ARM
		{BA5934AE-CC11-4663-807B-8687E7530DAB}.Ad-Hoc|ARM64.ActiveCfg = Release|ARM64
		{BA5934AE-CC11-4663-807B-8687E7530DAB}.Ad-Hoc|ARM64.Build.0 = Release|ARM64
		{BA5934AE-CC11-4663-807B-8687E7530DAB}.Ad-Hoc|iPhone.ActiveCfg = Release|Any CPU
		{BA5934AE-CC11-4663-807B-8687E7530DAB}.Ad-Hoc|iPhone.Build.0 = Release|Any CPU
		{BA5934AE-CC11-4663-807B-8687E7530DAB}.Ad-Hoc|iPhoneSimulator.ActiveCfg = Release|Any CPU
		{BA5934AE-CC11-4663-807B-8687E7530DAB}.Ad-Hoc|iPhoneSimulator.Build.0 = Release|Any CPU
		{BA5934AE-CC11-4663-807B-8687E7530DAB}.Ad-Hoc|x64.ActiveCfg = Release|x64
		{BA5934AE-CC11-4663-807B-8687E7530DAB}.Ad-Hoc|x64.Build.0 = Release|x64
		{BA5934AE-CC11-4663-807B-8687E7530DAB}.Ad-Hoc|x86.ActiveCfg = Release|x86
		{BA5934AE-CC11-4663-807B-8687E7530DAB}.Ad-Hoc|x86.Build.0 = Release|x86
		{BA5934AE-CC11-4663-807B-8687E7530DAB}.AppStore|Any CPU.ActiveCfg = Release|Any CPU
		{BA5934AE-CC11-4663-807B-8687E7530DAB}.AppStore|Any CPU.Build.0 = Release|Any CPU
		{BA5934AE-CC11-4663-807B-8687E7530DAB}.AppStore|ARM.ActiveCfg = Release|ARM
		{BA5934AE-CC11-4663-807B-8687E7530DAB}.AppStore|ARM.Build.0 = Release|ARM
		{BA5934AE-CC11-4663-807B-8687E7530DAB}.AppStore|ARM64.ActiveCfg = Release|ARM64
		{BA5934AE-CC11-4663-807B-8687E7530DAB}.AppStore|ARM64.Build.0 = Release|ARM64
		{BA5934AE-CC11-4663-807B-8687E7530DAB}.AppStore|iPhone.ActiveCfg = Release|Any CPU
		{BA5934AE-CC11-4663-807B-8687E7530DAB}.AppStore|iPhone.Build.0 = Release|Any CPU
		{BA5934AE-CC11-4663-807B-8687E7530DAB}.AppStore|iPhoneSimulator.ActiveCfg = Release|Any CPU
		{BA5934AE-CC11-4663-807B-8687E7530DAB}.AppStore|iPhoneSimulator.Build.0 = Release|Any CPU
		{BA5934AE-CC11-4663-807B-8687E7530DAB}.AppStore|x64.ActiveCfg = Release|x64
		{BA5934AE-CC11-4663-807B-8687E7530DAB}.AppStore|x64.Build.0 = Release|x64
		{BA5934AE-CC11-4663-807B-8687E7530DAB}.AppStore|x86.ActiveCfg = Release|x86
		{BA5934AE-CC11-4663-807B-8687E7530DAB}.AppStore|x86.Build.0 = Release|x86
		{BA5934AE-CC11-4663-807B-8687E7530DAB}.Debug|Any CPU.ActiveCfg = Debug|Any CPU
		{BA5934AE-CC11-4663-807B-8687E7530DAB}.Debug|Any CPU.Build.0 = Debug|Any CPU
		{BA5934AE-CC11-4663-807B-8687E7530DAB}.Debug|ARM.ActiveCfg = Debug|ARM
		{BA5934AE-CC11-4663-807B-8687E7530DAB}.Debug|ARM.Build.0 = Debug|ARM
		{BA5934AE-CC11-4663-807B-8687E7530DAB}.Debug|ARM64.ActiveCfg = Debug|ARM64
		{BA5934AE-CC11-4663-807B-8687E7530DAB}.Debug|ARM64.Build.0 = Debug|ARM64
		{BA5934AE-CC11-4663-807B-8687E7530DAB}.Debug|iPhone.ActiveCfg = Debug|Any CPU
		{BA5934AE-CC11-4663-807B-8687E7530DAB}.Debug|iPhone.Build.0 = Debug|Any CPU
		{BA5934AE-CC11-4663-807B-8687E7530DAB}.Debug|iPhoneSimulator.ActiveCfg = Debug|Any CPU
		{BA5934AE-CC11-4663-807B-8687E7530DAB}.Debug|iPhoneSimulator.Build.0 = Debug|Any CPU
		{BA5934AE-CC11-4663-807B-8687E7530DAB}.Debug|x64.ActiveCfg = Debug|x64
		{BA5934AE-CC11-4663-807B-8687E7530DAB}.Debug|x64.Build.0 = Debug|x64
		{BA5934AE-CC11-4663-807B-8687E7530DAB}.Debug|x86.ActiveCfg = Debug|x86
		{BA5934AE-CC11-4663-807B-8687E7530DAB}.Debug|x86.Build.0 = Debug|x86
		{BA5934AE-CC11-4663-807B-8687E7530DAB}.Release|Any CPU.ActiveCfg = Release|Any CPU
		{BA5934AE-CC11-4663-807B-8687E7530DAB}.Release|Any CPU.Build.0 = Release|Any CPU
		{BA5934AE-CC11-4663-807B-8687E7530DAB}.Release|ARM.ActiveCfg = Release|ARM
		{BA5934AE-CC11-4663-807B-8687E7530DAB}.Release|ARM.Build.0 = Release|ARM
		{BA5934AE-CC11-4663-807B-8687E7530DAB}.Release|ARM64.ActiveCfg = Release|ARM64
		{BA5934AE-CC11-4663-807B-8687E7530DAB}.Release|ARM64.Build.0 = Release|ARM64
		{BA5934AE-CC11-4663-807B-8687E7530DAB}.Release|iPhone.ActiveCfg = Release|Any CPU
		{BA5934AE-CC11-4663-807B-8687E7530DAB}.Release|iPhone.Build.0 = Release|Any CPU
		{BA5934AE-CC11-4663-807B-8687E7530DAB}.Release|iPhoneSimulator.ActiveCfg = Release|Any CPU
		{BA5934AE-CC11-4663-807B-8687E7530DAB}.Release|iPhoneSimulator.Build.0 = Release|Any CPU
		{BA5934AE-CC11-4663-807B-8687E7530DAB}.Release|x64.ActiveCfg = Release|x64
		{BA5934AE-CC11-4663-807B-8687E7530DAB}.Release|x64.Build.0 = Release|x64
		{BA5934AE-CC11-4663-807B-8687E7530DAB}.Release|x86.ActiveCfg = Release|x86
		{BA5934AE-CC11-4663-807B-8687E7530DAB}.Release|x86.Build.0 = Release|x86
		{60375159-118D-4094-A647-0EFFD7958491}.Ad-Hoc|Any CPU.ActiveCfg = Debug|Any CPU
		{60375159-118D-4094-A647-0EFFD7958491}.Ad-Hoc|Any CPU.Build.0 = Debug|Any CPU
		{60375159-118D-4094-A647-0EFFD7958491}.Ad-Hoc|ARM.ActiveCfg = Debug|Any CPU
		{60375159-118D-4094-A647-0EFFD7958491}.Ad-Hoc|ARM.Build.0 = Debug|Any CPU
		{60375159-118D-4094-A647-0EFFD7958491}.Ad-Hoc|ARM64.ActiveCfg = Debug|Any CPU
		{60375159-118D-4094-A647-0EFFD7958491}.Ad-Hoc|ARM64.Build.0 = Debug|Any CPU
		{60375159-118D-4094-A647-0EFFD7958491}.Ad-Hoc|iPhone.ActiveCfg = Debug|Any CPU
		{60375159-118D-4094-A647-0EFFD7958491}.Ad-Hoc|iPhone.Build.0 = Debug|Any CPU
		{60375159-118D-4094-A647-0EFFD7958491}.Ad-Hoc|iPhoneSimulator.ActiveCfg = Debug|Any CPU
		{60375159-118D-4094-A647-0EFFD7958491}.Ad-Hoc|iPhoneSimulator.Build.0 = Debug|Any CPU
		{60375159-118D-4094-A647-0EFFD7958491}.Ad-Hoc|x64.ActiveCfg = Debug|Any CPU
		{60375159-118D-4094-A647-0EFFD7958491}.Ad-Hoc|x64.Build.0 = Debug|Any CPU
		{60375159-118D-4094-A647-0EFFD7958491}.Ad-Hoc|x86.ActiveCfg = Debug|Any CPU
		{60375159-118D-4094-A647-0EFFD7958491}.Ad-Hoc|x86.Build.0 = Debug|Any CPU
		{60375159-118D-4094-A647-0EFFD7958491}.AppStore|Any CPU.ActiveCfg = Debug|Any CPU
		{60375159-118D-4094-A647-0EFFD7958491}.AppStore|Any CPU.Build.0 = Debug|Any CPU
		{60375159-118D-4094-A647-0EFFD7958491}.AppStore|ARM.ActiveCfg = Debug|Any CPU
		{60375159-118D-4094-A647-0EFFD7958491}.AppStore|ARM.Build.0 = Debug|Any CPU
		{60375159-118D-4094-A647-0EFFD7958491}.AppStore|ARM64.ActiveCfg = Debug|Any CPU
		{60375159-118D-4094-A647-0EFFD7958491}.AppStore|ARM64.Build.0 = Debug|Any CPU
		{60375159-118D-4094-A647-0EFFD7958491}.AppStore|iPhone.ActiveCfg = Debug|Any CPU
		{60375159-118D-4094-A647-0EFFD7958491}.AppStore|iPhone.Build.0 = Debug|Any CPU
		{60375159-118D-4094-A647-0EFFD7958491}.AppStore|iPhoneSimulator.ActiveCfg = Debug|Any CPU
		{60375159-118D-4094-A647-0EFFD7958491}.AppStore|iPhoneSimulator.Build.0 = Debug|Any CPU
		{60375159-118D-4094-A647-0EFFD7958491}.AppStore|x64.ActiveCfg = Debug|Any CPU
		{60375159-118D-4094-A647-0EFFD7958491}.AppStore|x64.Build.0 = Debug|Any CPU
		{60375159-118D-4094-A647-0EFFD7958491}.AppStore|x86.ActiveCfg = Debug|Any CPU
		{60375159-118D-4094-A647-0EFFD7958491}.AppStore|x86.Build.0 = Debug|Any CPU
		{60375159-118D-4094-A647-0EFFD7958491}.Debug|Any CPU.ActiveCfg = Debug|Any CPU
		{60375159-118D-4094-A647-0EFFD7958491}.Debug|Any CPU.Build.0 = Debug|Any CPU
		{60375159-118D-4094-A647-0EFFD7958491}.Debug|ARM.ActiveCfg = Debug|Any CPU
		{60375159-118D-4094-A647-0EFFD7958491}.Debug|ARM.Build.0 = Debug|Any CPU
		{60375159-118D-4094-A647-0EFFD7958491}.Debug|ARM64.ActiveCfg = Debug|Any CPU
		{60375159-118D-4094-A647-0EFFD7958491}.Debug|ARM64.Build.0 = Debug|Any CPU
		{60375159-118D-4094-A647-0EFFD7958491}.Debug|iPhone.ActiveCfg = Debug|Any CPU
		{60375159-118D-4094-A647-0EFFD7958491}.Debug|iPhone.Build.0 = Debug|Any CPU
		{60375159-118D-4094-A647-0EFFD7958491}.Debug|iPhoneSimulator.ActiveCfg = Debug|Any CPU
		{60375159-118D-4094-A647-0EFFD7958491}.Debug|iPhoneSimulator.Build.0 = Debug|Any CPU
		{60375159-118D-4094-A647-0EFFD7958491}.Debug|x64.ActiveCfg = Debug|Any CPU
		{60375159-118D-4094-A647-0EFFD7958491}.Debug|x64.Build.0 = Debug|Any CPU
		{60375159-118D-4094-A647-0EFFD7958491}.Debug|x86.ActiveCfg = Debug|Any CPU
		{60375159-118D-4094-A647-0EFFD7958491}.Debug|x86.Build.0 = Debug|Any CPU
		{60375159-118D-4094-A647-0EFFD7958491}.Release|Any CPU.ActiveCfg = Release|Any CPU
		{60375159-118D-4094-A647-0EFFD7958491}.Release|Any CPU.Build.0 = Release|Any CPU
		{60375159-118D-4094-A647-0EFFD7958491}.Release|ARM.ActiveCfg = Release|Any CPU
		{60375159-118D-4094-A647-0EFFD7958491}.Release|ARM.Build.0 = Release|Any CPU
		{60375159-118D-4094-A647-0EFFD7958491}.Release|ARM64.ActiveCfg = Release|Any CPU
		{60375159-118D-4094-A647-0EFFD7958491}.Release|ARM64.Build.0 = Release|Any CPU
		{60375159-118D-4094-A647-0EFFD7958491}.Release|iPhone.ActiveCfg = Release|Any CPU
		{60375159-118D-4094-A647-0EFFD7958491}.Release|iPhone.Build.0 = Release|Any CPU
		{60375159-118D-4094-A647-0EFFD7958491}.Release|iPhoneSimulator.ActiveCfg = Release|Any CPU
		{60375159-118D-4094-A647-0EFFD7958491}.Release|iPhoneSimulator.Build.0 = Release|Any CPU
		{60375159-118D-4094-A647-0EFFD7958491}.Release|x64.ActiveCfg = Release|Any CPU
		{60375159-118D-4094-A647-0EFFD7958491}.Release|x64.Build.0 = Release|Any CPU
		{60375159-118D-4094-A647-0EFFD7958491}.Release|x86.ActiveCfg = Release|Any CPU
		{60375159-118D-4094-A647-0EFFD7958491}.Release|x86.Build.0 = Release|Any CPU
	EndGlobalSection
	GlobalSection(SolutionProperties) = preSolution
		HideSolutionNode = FALSE
	EndGlobalSection
	GlobalSection(ExtensibilityGlobals) = postSolution
		SolutionGuid = {8CC8F3C1-5607-4B85-BA26-C8456F07D90C}
	EndGlobalSection
EndGlobal
